<Solution>
  <Folder Name="/src/">
    <Project Path="src/SevenRecord.Analysis/SevenRecord.Analysis.csproj" />
    <Project Path="src/SevenRecord.App/SevenRecord.App.csproj" />
    <Project Path="src/SevenRecord.Audio.Windows/SevenRecord.Audio.Windows.csproj" />
    <Project Path="src/SevenRecord.Camera.Windows/SevenRecord.Camera.Windows.csproj" />
    <Project Path="src/SevenRecord.Capture.Abstractions/SevenRecord.Capture.Abstractions.csproj" />
    <Project Path="src/SevenRecord.Capture.Windows/SevenRecord.Capture.Windows.csproj" />
    <Project Path="src/SevenRecord.Domain/SevenRecord.Domain.csproj" />
    <Project Path="src/SevenRecord.Editor/SevenRecord.Editor.csproj" />
    <Project Path="src/SevenRecord.Export/SevenRecord.Export.csproj" />
    <Project Path="src/SevenRecord.Infrastructure/SevenRecord.Infrastructure.csproj" />
    <Project Path="src/SevenRecord.Media.Windows/SevenRecord.Media.Windows.csproj" />
    <Project Path="src/SevenRecord.Media.Worker/SevenRecord.Media.Worker.csproj" />
    <Project Path="src/SevenRecord.Media/SevenRecord.Media.csproj" />
    <Project Path="src/SevenRecord.Recording/SevenRecord.Recording.csproj" />
  </Folder>
  <Folder Name="/tests/">
    <Project Path="tests/SevenRecord.Analysis.Tests/SevenRecord.Analysis.Tests.csproj" />
    <Project Path="tests/SevenRecord.Audio.Tests/SevenRecord.Audio.Tests.csproj" />
    <Project Path="tests/SevenRecord.Capture.Tests/SevenRecord.Capture.Tests.csproj" />
    <Project Path="tests/SevenRecord.Domain.Tests/SevenRecord.Domain.Tests.csproj" />
    <Project Path="tests/SevenRecord.Editor.Tests/SevenRecord.Editor.Tests.csproj" />
    <Project Path="tests/SevenRecord.Infrastructure.Tests/SevenRecord.Infrastructure.Tests.csproj" />
    <Project Path="tests/SevenRecord.Media.Tests/SevenRecord.Media.Tests.csproj" />
    <Project Path="tests/SevenRecord.Recording.Tests/SevenRecord.Recording.Tests.csproj" />
  </Folder>
  <Folder Name="/tools/">
    <Project Path="tools/SevenRecord.Audio.Probe/SevenRecord.Audio.Probe.csproj" />
    <Project Path="tools/SevenRecord.Camera.Probe/SevenRecord.Camera.Probe.csproj" />
  </Folder>
</Solution>
